
Microsoft Visual Studio Solution File, Format Version 12.00
# Visual Studio Version 17
VisualStudioVersion = 17.7.34024.191
MinimumVisualStudioVersion = 10.0.40219.1
Project("{FAE04EC0-301F-11D3-BF4B-00C04F79EFBC}") = "Eventbrite", "Eventbrite\Eventbrite.csproj", "{7D51F385-C7DC-4BC1-ABD4-3C00DEB101EA}"
EndProject
Global
	GlobalSection(SolutionConfigurationPlatforms) = preSolution
		Debug|Any CPU = Debug|Any CPU
		Release|Any CPU = Release|Any CPU
	EndGlobalSection
	GlobalSection(ProjectConfigurationPlatforms) = postSolution
		{7D51F385-C7DC-4BC1-ABD4-3C00DEB101EA}.Debug|Any CPU.ActiveCfg = Debug|Any CPU
		{7D51F385-C7DC-4BC1-ABD4-3C00DEB101EA}.Debug|Any CPU.Build.0 = Debug|Any CPU
		{7D51F385-C7DC-4BC1-ABD4-3C00DEB101EA}.Release|Any CPU.ActiveCfg = Release|Any CPU
		{7D51F385-C7DC-4BC1-ABD4-3C00DEB101EA}.Release|Any CPU.Build.0 = Release|Any CPU
	EndGlobalSection
	GlobalSection(SolutionProperties) = preSolution
		HideSolutionNode = FALSE
	EndGlobalSection
	GlobalSection(ExtensibilityGlobals) = postSolution
		SolutionGuid = {46159C45-65A8-4225-987B-97C1B92E8C2D}
	EndGlobalSection
EndGlobal
